// !$*UTF8*$!
{
	archiveVersion = 1;
	classes = {
	};
	objectVersion = 46;
	objects = {

/* Begin PBXBuildFile section */
		043E9A901C56650E00743271 /* main.m in Sources */ = {isa = PBXBuildFile; fileRef = 043E9A8F1C56650E00743271 /* main.m */; };
		043E9A931C56650E00743271 /* AppDelegate.m in Sources */ = {isa = PBXBuildFile; fileRef = 043E9A921C56650E00743271 /* AppDelegate.m */; };
		043E9A961C56650E00743271 /* ViewController.m in Sources */ = {isa = PBXBuildFile; fileRef = 043E9A951C56650E00743271 /* ViewController.m */; };
		043E9A9B1C56650F00743271 /* Assets.xcassets in Resources */ = {isa = PBXBuildFile; fileRef = 043E9A9A1C56650F00743271 /* Assets.xcassets */; };
		043E9A9E1C56650F00743271 /* LaunchScreen.storyboard in Resources */ = {isa = PBXBuildFile; fileRef = 043E9A9C1C56650F00743271 /* LaunchScreen.storyboard */; };
		043E9AA71C56653600743271 /* AppGuideRotateController.m in Sources */ = {isa = PBXBuildFile; fileRef = 043E9AA61C56653600743271 /* AppGuideRotateController.m */; };
		043E9AAD1C5665D000743271 /* guideBg01@2x.png in Resources */ = {isa = PBXBuildFile; fileRef = 043E9AA91C5665D000743271 /* guideBg01@2x.png */; };
		043E9AAE1C5665D000743271 /* guideBg02@2x.png in Resources */ = {isa = PBXBuildFile; fileRef = 043E9AAA1C5665D000743271 /* guideBg02@2x.png */; };
		043E9AAF1C5665D000743271 /* guideBg03@2x.png in Resources */ = {isa = PBXBuildFile; fileRef = 043E9AAB1C5665D000743271 /* guideBg03@2x.png */; };
		043E9AB01C5665D000743271 /* guideBg04@2x.png in Resources */ = {isa = PBXBuildFile; fileRef = 043E9AAC1C5665D000743271 /* guideBg04@2x.png */; };
		043E9AB31C5668BF00743271 /* AppGuidePageCurlController.m in Sources */ = {isa = PBXBuildFile; fileRef = 043E9AB21C5668BF00743271 /* AppGuidePageCurlController.m */; };
/* End PBXBuildFile section */

/* Begin PBXFileReference section */
		043E9A8B1C56650E00743271 /* LPAppGuideViewDemo.app */ = {isa = PBXFileReference; explicitFileType = wrapper.application; includeInIndex = 0; path = LPAppGuideViewDemo.app; sourceTree = BUILT_PRODUCTS_DIR; };
		043E9A8F1C56650E00743271 /* main.m */ = {isa = PBXFileReference; lastKnownFileType = sourcecode.c.objc; path = main.m; sourceTree = "<group>"; };
		043E9A911C56650E00743271 /* AppDelegate.h */ = {isa = PBXFileReference; lastKnownFileType = sourcecode.c.h; path = AppDelegate.h; sourceTree = "<group>"; };
		043E9A921C56650E00743271 /* AppDelegate.m */ = {isa = PBXFileReference; lastKnownFileType = sourcecode.c.objc; path = AppDelegate.m; sourceTree = "<group>"; };
		043E9A941C56650E00743271 /* ViewController.h */ = {isa = PBXFileReference; lastKnownFileType = sourcecode.c.h; path = ViewController.h; sourceTree = "<group>"; };
		043E9A951C56650E00743271 /* ViewController.m */ = {isa = PBXFileReference; lastKnownFileType = sourcecode.c.objc; path = ViewController.m; sourceTree = "<group>"; };
		043E9A9A1C56650F00743271 /* Assets.xcassets */ = {isa = PBXFileReference; lastKnownFileType = folder.assetcatalog; path = Assets.xcassets; sourceTree = "<group>"; };
		043E9A9D1C56650F00743271 /* Base */ = {isa = PBXFileReference; lastKnownFileType = file.storyboard; name = Base; path = Base.lproj/LaunchScreen.storyboard; sourceTree = "<group>"; };
		043E9A9F1C56650F00743271 /* Info.plist */ = {isa = PBXFileReference; lastKnownFileType = text.plist.xml; path = Info.plist; sourceTree = "<group>"; };
		043E9AA51C56653600743271 /* AppGuideRotateController.h */ = {isa = PBXFileReference; fileEncoding = 4; lastKnownFileType = sourcecode.c.h; path = AppGuideRotateController.h; sourceTree = "<group>"; };
		043E9AA61C56653600743271 /* AppGuideRotateController.m */ = {isa = PBXFileReference; fileEncoding = 4; lastKnownFileType = sourcecode.c.objc; path = AppGuideRotateController.m; sourceTree = "<group>"; };
		043E9AA91C5665D000743271 /* guideBg01@2x.png */ = {isa = PBXFileReference; lastKnownFileType = image.png; path = "guideBg01@2x.png"; sourceTree = "<group>"; };
		043E9AAA1C5665D000743271 /* guideBg02@2x.png */ = {isa = PBXFileReference; lastKnownFileType = image.png; path = "guideBg02@2x.png"; sourceTree = "<group>"; };
		043E9AAB1C5665D000743271 /* guideBg03@2x.png */ = {isa = PBXFileReference; lastKnownFileType = image.png; path = "guideBg03@2x.png"; sourceTree = "<group>"; };
		043E9AAC1C5665D000743271 /* guideBg04@2x.png */ = {isa = PBXFileReference; lastKnownFileType = image.png; path = "guideBg04@2x.png"; sourceTree = "<group>"; };
		043E9AB11C5668BF00743271 /* AppGuidePageCurlController.h */ = {isa = PBXFileReference; fileEncoding = 4; lastKnownFileType = sourcecode.c.h; path = AppGuidePageCurlController.h; sourceTree = "<group>"; };
		043E9AB21C5668BF00743271 /* AppGuidePageCurlController.m */ = {isa = PBXFileReference; fileEncoding = 4; lastKnownFileType = sourcecode.c.objc; path = AppGuidePageCurlController.m; sourceTree = "<group>"; };
/* End PBXFileReference section */

/* Begin PBXFrameworksBuildPhase section */
		043E9A881C56650E00743271 /* Frameworks */ = {
			isa = PBXFrameworksBuildPhase;
			buildActionMask = 2147483647;
			files = (
			);
			runOnlyForDeploymentPostprocessing = 0;
		};
/* End PBXFrameworksBuildPhase section */

/* Begin PBXGroup section */
		043E9A821C56650E00743271 = {
			isa = PBXGroup;
			children = (
				043E9A8D1C56650E00743271 /* LPAppGuideViewDemo */,
				043E9A8C1C56650E00743271 /* Products */,
			);
			sourceTree = "<group>";
		};
		043E9A8C1C56650E00743271 /* Products */ = {
			isa = PBXGroup;
			children = (
				043E9A8B1C56650E00743271 /* LPAppGuideViewDemo.app */,
			);
			name = Products;
			sourceTree = "<group>";
		};
		043E9A8D1C56650E00743271 /* LPAppGuideViewDemo */ = {
			isa = PBXGroup;
			children = (
				043E9A911C56650E00743271 /* AppDelegate.h */,
				043E9A921C56650E00743271 /* AppDelegate.m */,
				043E9AA51C56653600743271 /* AppGuideRotateController.h */,
				043E9AA61C56653600743271 /* AppGuideRotateController.m */,
				043E9AB11C5668BF00743271 /* AppGuidePageCurlController.h */,
				043E9AB21C5668BF00743271 /* AppGuidePageCurlController.m */,
				043E9A941C56650E00743271 /* ViewController.h */,
				043E9A951C56650E00743271 /* ViewController.m */,
				043E9AA81C5665D000743271 /* guideBg */,
				043E9A9A1C56650F00743271 /* Assets.xcassets */,
				043E9A9C1C56650F00743271 /* LaunchScreen.storyboard */,
				043E9A9F1C56650F00743271 /* Info.plist */,
				043E9A8E1C56650E00743271 /* Supporting Files */,
			);
			path = LPAppGuideViewDemo;
			sourceTree = "<group>";
		};
		043E9A8E1C56650E00743271 /* Supporting Files */ = {
			isa = PBXGroup;
			children = (
				043E9A8F1C56650E00743271 /* main.m */,
			);
			name = "Supporting Files";
			sourceTree = "<group>";
		};
		043E9AA81C5665D000743271 /* guideBg */ = {
			isa = PBXGroup;
			children = (
				043E9AA91C5665D000743271 /* guideBg01@2x.png */,
				043E9AAA1C5665D000743271 /* guideBg02@2x.png */,
				043E9AAB1C5665D000743271 /* guideBg03@2x.png */,
				043E9AAC1C5665D000743271 /* guideBg04@2x.png */,
			);
			path = guideBg;
			sourceTree = "<group>";
		};
/* End PBXGroup section */

/* Begin PBXNativeTarget section */
		043E9A8A1C56650E00743271 /* LPAppGuideViewDemo */ = {
			isa = PBXNativeTarget;
			buildConfigurationList = 043E9AA21C56650F00743271 /* Build configuration list for PBXNativeTarget "LPAppGuideViewDemo" */;
			buildPhases = (
				043E9A871C56650E00743271 /* Sources */,
				043E9A881C56650E00743271 /* Frameworks */,
				043E9A891C56650E00743271 /* Resources */,
			);
			buildRules = (
			);
			dependencies = (
			);
			name = LPAppGuideViewDemo;
			productName = LPAppGuideViewDemo;
			productReference = 043E9A8B1C56650E00743271 /* LPAppGuideViewDemo.app */;
			productType = "com.apple.product-type.application";
		};
/* End PBXNativeTarget section */

/* Begin PBXProject section */
		043E9A831C56650E00743271 /* Project object */ = {
			isa = PBXProject;
			attributes = {
				LastUpgradeCheck = 0720;
				ORGANIZATIONNAME = "litt1e-p";
				TargetAttributes = {
					043E9A8A1C56650E00743271 = {
						CreatedOnToolsVersion = 7.2;
					};
				};
			};
			buildConfigurationList = 043E9A861C56650E00743271 /* Build configuration list for PBXProject "LPAppGuideViewDemo" */;
			compatibilityVersion = "Xcode 3.2";
			developmentRegion = English;
			hasScannedForEncodings = 0;
			knownRegions = (
				en,
				Base,
			);
			mainGroup = 043E9A821C56650E00743271;
			productRefGroup = 043E9A8C1C56650E00743271 /* Products */;
			projectDirPath = "";
			projectRoot = "";
			targets = (
				043E9A8A1C56650E00743271 /* LPAppGuideViewDemo */,
			);
		};
/* End PBXProject section */

/* Begin PBXResourcesBuildPhase section */
		043E9A891C56650E00743271 /* Resources */ = {
			isa = PBXResourcesBuildPhase;
			buildActionMask = 2147483647;
			files = (
				043E9A9E1C56650F00743271 /* LaunchScreen.storyboard in Resources */,
				043E9AAE1C5665D000743271 /* guideBg02@2x.png in Resources */,
				043E9AAD1C5665D000743271 /* guideBg01@2x.png in Resources */,
				043E9A9B1C56650F00743271 /* Assets.xcassets in Resources */,
				043E9AAF1C5665D000743271 /* guideBg03@2x.png in Resources */,
				043E9AB01C5665D000743271 /* guideBg04@2x.png in Resources */,
			);
			runOnlyForDeploymentPostprocessing = 0;
		};
/* End PBXResourcesBuildPhase section */

/* Begin PBXSourcesBuildPhase section */
		043E9A871C56650E00743271 /* Sources */ = {
			isa = PBXSourcesBuildPhase;
			buildActionMask = 2147483647;
			files = (
				043E9A961C56650E00743271 /* ViewController.m in Sources */,
				043E9A931C56650E00743271 /* AppDelegate.m in Sources */,
				043E9AA71C56653600743271 /* AppGuideRotateController.m in Sources */,
				043E9AB31C5668BF00743271 /* AppGuidePageCurlController.m in Sources */,
				043E9A901C56650E00743271 /* main.m in Sources */,
			);
			runOnlyForDeploymentPostprocessing = 0;
		};
/* End PBXSourcesBuildPhase section */

/* Begin PBXVariantGroup section */
		043E9A9C1C56650F00743271 /* LaunchScreen.storyboard */ = {
			isa = PBXVariantGroup;
			children = (
				043E9A9D1C56650F00743271 /* Base */,
			);
			name = LaunchScreen.storyboard;
			sourceTree = "<group>";
		};
/* End PBXVariantGroup section */

/* Begin XCBuildConfiguration section */
		043E9AA01C56650F00743271 /* Debug */ = {
			isa = XCBuildConfiguration;
			buildSettings = {
				ALWAYS_SEARCH_USER_PATHS = NO;
				CLANG_CXX_LANGUAGE_STANDARD = "gnu++0x";
				CLANG_CXX_LIBRARY = "libc++";
				CLANG_ENABLE_MODULES = YES;
				CLANG_ENABLE_OBJC_ARC = YES;
				CLANG_WARN_BOOL_CONVERSION = YES;
				CLANG_WARN_CONSTANT_CONVERSION = YES;
				CLANG_WARN_DIRECT_OBJC_ISA_USAGE = YES_ERROR;
				CLANG_WARN_EMPTY_BODY = YES;
				CLANG_WARN_ENUM_CONVERSION = YES;
				CLANG_WARN_INT_CONVERSION = YES;
				CLANG_WARN_OBJC_ROOT_CLASS = YES_ERROR;
				CLANG_WARN_UNREACHABLE_CODE = YES;
				CLANG_WARN__DUPLICATE_METHOD_MATCH = YES;
				"CODE_SIGN_IDENTITY[sdk=iphoneos*]" = "iPhone Developer";
				COPY_PHASE_STRIP = NO;
				DEBUG_INFORMATION_FORMAT = dwarf;
				ENABLE_STRICT_OBJC_MSGSEND = YES;
				ENABLE_TESTABILITY = YES;
				GCC_C_LANGUAGE_STANDARD = gnu99;
				GCC_DYNAMIC_NO_PIC = NO;
				GCC_NO_COMMON_BLOCKS = YES;
				GCC_OPTIMIZATION_LEVEL = 0;
				GCC_PREPROCESSOR_DEFINITIONS = (
					"DEBUG=1",
					"$(inherited)",
				);
				GCC_WARN_64_TO_32_BIT_CONVERSION = YES;
				GCC_WARN_ABOUT_RETURN_TYPE = YES_ERROR;
				GCC_WARN_UNDECLARED_SELECTOR = YES;
				GCC_WARN_UNINITIALIZED_AUTOS = YES_AGGRESSIVE;
				GCC_WARN_UNUSED_FUNCTION = YES;
				GCC_WARN_UNUSED_VARIABLE = YES;
				IPHONEOS_DEPLOYMENT_TARGET = 9.2;
				MTL_ENABLE_DEBUG_INFO = YES;
				ONLY_ACTIVE_ARCH = YES;
				SDKROOT = iphoneos;
			};
			name = Debug;
		};
		043E9AA11C56650F00743271 /* Release */ = {
			isa = XCBuildConfiguration;
			buildSettings = {
				ALWAYS_SEARCH_USER_PATHS = NO;
				CLANG_CXX_LANGUAGE_STANDARD = "gnu++0x";
				CLANG_CXX_LIBRARY = "libc++";
				CLANG_ENABLE_MODULES = YES;
				CLANG_ENABLE_OBJC_ARC = YES;
				CLANG_WARN_BOOL_CONVERSION = YES;
				CLANG_WARN_CONSTANT_CONVERSION = YES;
				CLANG_WARN_DIRECT_OBJC_ISA_USAGE = YES_ERROR;
				CLANG_WARN_EMPTY_BODY = YES;
				CLANG_WARN_ENUM_CONVERSION = YES;
				CLANG_WARN_INT_CONVERSION = YES;
				CLANG_WARN_OBJC_ROOT_CLASS = YES_ERROR;
				CLANG_WARN_UNREACHABLE_CODE = YES;
				CLANG_WARN__DUPLICATE_METHOD_MATCH = YES;
				"CODE_SIGN_IDENTITY[sdk=iphoneos*]" = "iPhone Developer";
				COPY_PHASE_STRIP = NO;
				DEBUG_INFORMATION_FORMAT = "dwarf-with-dsym";
				ENABLE_NS_ASSERTIONS = NO;
				ENABLE_STRICT_OBJC_MSGSEND = YES;
				GCC_C_LANGUAGE_STANDARD = gnu99;
				GCC_NO_COMMON_BLOCKS = YES;
				GCC_WARN_64_TO_32_BIT_CONVERSION = YES;
				GCC_WARN_ABOUT_RETURN_TYPE = YES_ERROR;
				GCC_WARN_UNDECLARED_SELECTOR = YES;
				GCC_WARN_UNINITIALIZED_AUTOS = YES_AGGRESSIVE;
				GCC_WARN_UNUSED_FUNCTION = YES;
				GCC_WARN_UNUSED_VARIABLE = YES;
				IPHONEOS_DEPLOYMENT_TARGET = 9.2;
				MTL_ENABLE_DEBUG_INFO = NO;
				SDKROOT = iphoneos;
				VALIDATE_PRODUCT = YES;
			};
			name = Release;
		};
		043E9AA31C56650F00743271 /* Debug */ = {
			isa = XCBuildConfiguration;
			buildSettings = {
				ASSETCATALOG_COMPILER_APPICON_NAME = AppIcon;
				INFOPLIST_FILE = LPAppGuideViewDemo/Info.plist;
				IPHONEOS_DEPLOYMENT_TARGET = 7.0;
				LD_RUNPATH_SEARCH_PATHS = "$(inherited) @executable_path/Frameworks";
				PRODUCT_BUNDLE_IDENTIFIER = "com.litt1e-p.LPAppGuideViewDemo";
				PRODUCT_NAME = "$(TARGET_NAME)";
			};
			name = Debug;
		};
		043E9AA41C56650F00743271 /* Release */ = {
			isa = XCBuildConfiguration;
			buildSettings = {
				ASSETCATALOG_COMPILER_APPICON_NAME = AppIcon;
				INFOPLIST_FILE = LPAppGuideViewDemo/Info.plist;
				IPHONEOS_DEPLOYMENT_TARGET = 7.0;
				LD_RUNPATH_SEARCH_PATHS = "$(inherited) @executable_path/Frameworks";
				PRODUCT_BUNDLE_IDENTIFIER = "com.litt1e-p.LPAppGuideViewDemo";
				PRODUCT_NAME = "$(TARGET_NAME)";
			};
			name = Release;
		};
/* End XCBuildConfiguration section */

/* Begin XCConfigurationList section */
		043E9A861C56650E00743271 /* Build configuration list for PBXProject "LPAppGuideViewDemo" */ = {
			isa = XCConfigurationList;
			buildConfigurations = (
				043E9AA01C56650F00743271 /* Debug */,
				043E9AA11C56650F00743271 /* Release */,
			);
			defaultConfigurationIsVisible = 0;
			defaultConfigurationName = Release;
		};
		043E9AA21C56650F00743271 /* Build configuration list for PBXNativeTarget "LPAppGuideViewDemo" */ = {
			isa = XCConfigurationList;
			buildConfigurations = (
				043E9AA31C56650F00743271 /* Debug */,
				043E9AA41C56650F00743271 /* Release */,
			);
			defaultConfigurationIsVisible = 0;
		};
/* End XCConfigurationList section */
	};
	rootObject = 043E9A831C56650E00743271 /* Project object */;
}
